# This file is automatically @generated by Poetry 1.8.2 and should not be changed by hand.

[[package]]
name = "beartype"
version = "0.18.5"
description = "Unbearably fast runtime type checking in pure Python."
optional = false
python-versions = ">=3.8.0"
files = [
    {file = "beartype-0.18.5-py3-none-any.whl", hash = "sha256:5301a14f2a9a5540fe47ec6d34d758e9cd8331d36c4760fc7a5499ab86310089"},
    {file = "beartype-0.18.5.tar.gz", hash = "sha256:264ddc2f1da9ec94ff639141fbe33d22e12a9f75aa863b83b7046ffff1381927"},
]

[package.extras]
all = ["typing-extensions (>=3.10.0.0)"]
dev = ["autoapi (>=0.9.0)", "coverage (>=5.5)", "equinox", "mypy (>=0.800)", "numpy", "pandera", "pydata-sphinx-theme (<=0.7.2)", "pytest (>=4.0.0)", "sphinx", "sphinx (>=4.2.0,<6.0.0)", "sphinxext-opengraph (>=0.7.5)", "tox (>=3.20.1)", "typing-extensions (>=3.10.0.0)"]
doc-rtd = ["autoapi (>=0.9.0)", "pydata-sphinx-theme (<=0.7.2)", "sphinx (>=4.2.0,<6.0.0)", "sphinxext-opengraph (>=0.7.5)"]
test-tox = ["equinox", "mypy (>=0.800)", "numpy", "pandera", "pytest (>=4.0.0)", "sphinx", "typing-extensions (>=3.10.0.0)"]
test-tox-coverage = ["coverage (>=5.5)"]

[metadata]
lock-version = "2.0"
python-versions = "^3.8"
content-hash = "cae04d2cb7d288d1abd07f637523b18fe90bf8aae1f23852c51cbbde80bb857f"
