version = 1
revision = 2
requires-python = "==3.11.*"

[[package]]
name = "beartype"
version = "0.21.0"
source = { registry = "https://pypi.org/simple" }
sdist = { url = "https://files.pythonhosted.org/packages/0d/f9/21e5a9c731e14f08addd53c71fea2e70794e009de5b98e6a2c3d2f3015d6/beartype-0.21.0.tar.gz", hash = "sha256:f9a5078f5ce87261c2d22851d19b050b64f6a805439e8793aecf01ce660d3244", size = 1437066, upload-time = "2025-05-22T05:09:27.116Z" }
wheels = [
    { url = "https://files.pythonhosted.org/packages/94/31/87045d1c66ee10a52486c9d2047bc69f00f2689f69401bb1e998afb4b205/beartype-0.21.0-py3-none-any.whl", hash = "sha256:b6a1bd56c72f31b0a496a36cc55df6e2f475db166ad07fa4acc7e74f4c7f34c0", size = 1191340, upload-time = "2025-05-22T05:09:24.606Z" },
]

[[package]]
name = "tydi"
version = "0.3.1"
source = { editable = "." }
dependencies = [
    { name = "beartype" },
]

[package.metadata]
requires-dist = [{ name = "beartype", specifier = ">=0.21.0" }]
